
Microsoft Visual Studio Solution File, Format Version 12.00
# Visual Studio Version 17
VisualStudioVersion = 17.7.34031.279
MinimumVisualStudioVersion = 10.0.40219.1
Project("{9A19103F-16F7-4668-BE54-9A1E7A4F7556}") = "T30_01_01_ClassLibraries", "T30_01_01_ClassLibraries\T30_01_01_ClassLibraries.csproj", "{CBAC71BE-4427-464B-BDE5-26721EDCB14E}"
EndProject
Project("{FAE04EC0-301F-11D3-BF4B-00C04F79EFBC}") = "T30_01_01_ClassLibraries_01_FrameworkLibrary", "T30_01_01_ClassLibraries_01_FrameworkLibrary\T30_01_01_ClassLibraries_01_FrameworkLibrary.csproj", "{A00B213F-0B49-4BFB-80B5-F52C396A6818}"
EndProject
Project("{9A19103F-16F7-4668-BE54-9A1E7A4F7556}") = "T30_01_01_ClassLibraries_02_CoreLibrary", "T30_01_01_ClassLibraries_02_CoreLibrary\T30_01_01_ClassLibraries_02_CoreLibrary.csproj", "{52E85F11-B825-44ED-B6D3-03604A9631CE}"
EndProject
Project("{9A19103F-16F7-4668-BE54-9A1E7A4F7556}") = "T30_01_01_ClassLibraries_03_StandardLibrary", "T30_01_01_ClassLibraries_03_StandardLibrary\T30_01_01_ClassLibraries_03_StandardLibrary.csproj", "{540F17FE-FB95-443E-B1C4-DD1AF3A4F9C7}"
EndProject
Project("{9A19103F-16F7-4668-BE54-9A1E7A4F7556}") = "T30_01_01_ClassLibraries_04_Library", "T30_01_01_ClassLibraries_04_Library\T30_01_01_ClassLibraries_04_Library.csproj", "{FFD2A922-8B9C-4021-BE7B-4AC23A981F79}"
EndProject
Project("{9A19103F-16F7-4668-BE54-9A1E7A4F7556}") = "T30_01_02_HomeworkClassLibraries", "T30_01_02_HomeworkClassLibraries\T30_01_02_HomeworkClassLibraries.csproj", "{9979161D-1DFD-459C-9A3F-98403DBE7D9D}"
EndProject
Project("{9A19103F-16F7-4668-BE54-9A1E7A4F7556}") = "T30_01_02_HomeworkClassLibrariesLibrary", "T30_01_02_HomeworkClassLibrariesLibrary\T30_01_02_HomeworkClassLibrariesLibrary.csproj", "{EAAC3D07-E7BD-43A8-A643-0707A0E5B559}"
EndProject
Project("{9A19103F-16F7-4668-BE54-9A1E7A4F7556}") = "T31_01_01_UnitTestLibrary", "T31_01_01_UnitTestLibrary\T31_01_01_UnitTestLibrary.csproj", "{5F1867C1-C8D5-488A-BA9C-7122005881EE}"
EndProject
Project("{9A19103F-16F7-4668-BE54-9A1E7A4F7556}") = "T31_01_01_UnitTestLibrary.Tests", "T31_01_01_UnitTestLibrary.Tests\T31_01_01_UnitTestLibrary.Tests.csproj", "{DA8010BE-58C9-4F0A-86B1-CEDE36E5A56B}"
EndProject
Project("{9A19103F-16F7-4668-BE54-9A1E7A4F7556}") = "T31_01_02_HomeworkUnitTestLibrary", "T31_01_02_HomeworkUnitTestLibrary\T31_01_02_HomeworkUnitTestLibrary.csproj", "{32B44403-70BE-49DA-976E-E12D04CA1601}"
EndProject
Project("{9A19103F-16F7-4668-BE54-9A1E7A4F7556}") = "T31_01_02_HomeworkUnitTestLibrary.Tests", "T31_01_02_HomeworkUnitTestLibrary.Tests\T31_01_02_HomeworkUnitTestLibrary.Tests.csproj", "{9DF63102-51A6-4C56-98DA-107885BCE2E5}"
EndProject
Project("{9A19103F-16F7-4668-BE54-9A1E7A4F7556}") = "T31_02_01_HomeworkMiniProjectLibrary", "T31_02_01_HomeworkMiniProjectLibrary\T31_02_01_HomeworkMiniProjectLibrary.csproj", "{6407A096-03DE-43B0-8524-33AD6A71AB1D}"
EndProject
Project("{9A19103F-16F7-4668-BE54-9A1E7A4F7556}") = "T31_02_01_HomeworkMiniProjectLibrary.Tests", "T31_02_01_HomeworkMiniProjectLibrary.Tests\T31_02_01_HomeworkMiniProjectLibrary.Tests.csproj", "{8239DB07-AB51-478F-8389-481CEE2C40EE}"
EndProject
Project("{9A19103F-16F7-4668-BE54-9A1E7A4F7556}") = "T31_02_02_SolutionMiniProjectLibrary", "T31_02_02_SolutionMiniProjectLibrary\T31_02_02_SolutionMiniProjectLibrary.csproj", "{454ED00D-9102-4B10-B9C5-E7F38B603944}"
EndProject
Project("{9A19103F-16F7-4668-BE54-9A1E7A4F7556}") = "T31_02_02_SolutionMiniProjectLibrary.Tests", "T31_02_02_SolutionMiniProjectLibrary.Tests\T31_02_02_SolutionMiniProjectLibrary.Tests.csproj", "{FEF7925D-D6B9-4922-8BD3-B810C6227194}"
EndProject
Project("{FAE04EC0-301F-11D3-BF4B-00C04F79EFBC}") = "T32_01_01_WinForm_MessageWall", "T32_01_01_WinForm_MessageWall\T32_01_01_WinForm_MessageWall.csproj", "{E2742686-88FD-4769-B83F-34F433ABE18D}"
EndProject
Project("{FAE04EC0-301F-11D3-BF4B-00C04F79EFBC}") = "T32_01_02_HomeworkWinForm_SayHi", "T32_01_02_HomeworkWinForm_SayHi\T32_01_02_HomeworkWinForm_SayHi.csproj", "{CF935A41-A381-4E0B-9837-F467731E44C4}"
EndProject
Project("{FAE04EC0-301F-11D3-BF4B-00C04F79EFBC}") = "T32_02_01_HomeworkMiniProject_WinForm", "T32_02_01_HomeworkMiniProject_WinForm\T32_02_01_HomeworkMiniProject_WinForm.csproj", "{E125287E-7E13-44F9-9C27-1D1E3406B54A}"
EndProject
Project("{FAE04EC0-301F-11D3-BF4B-00C04F79EFBC}") = "T32_02_02_SolutionMiniProject_WinForm", "T32_02_02_SolutionMiniProject_WinForm\T32_02_02_SolutionMiniProject_WinForm.csproj", "{4234C385-5FA5-4DEB-AC10-B71BA467F07D}"
EndProject
Project("{9A19103F-16F7-4668-BE54-9A1E7A4F7556}") = "T33_01_01_WPF_MessageWall", "T33_01_01_WPF_MessageWall\T33_01_01_WPF_MessageWall.csproj", "{F60DDF1D-5734-43AB-99A5-ECF7D67C810F}"
EndProject
Project("{FAE04EC0-301F-11D3-BF4B-00C04F79EFBC}") = "T33_01_02_WPF_NetFrameworkDemoUI", "T33_01_02_WPF_NetFrameworkDemoUI\T33_01_02_WPF_NetFrameworkDemoUI.csproj", "{B4DD075D-74C4-4CC1-B9E7-2AFF82FB8B97}"
EndProject
Project("{9A19103F-16F7-4668-BE54-9A1E7A4F7556}") = "T33_01_03_WPF_Homework", "T33_01_03_WPF_Homework\T33_01_03_WPF_Homework.csproj", "{B1FAA02F-CB67-439E-B6FC-64F9748AA798}"
EndProject
Project("{9A19103F-16F7-4668-BE54-9A1E7A4F7556}") = "T33_02_01_WPF_MiniProjectHomework", "T33_02_01_WPF_MiniProjectHomework\T33_02_01_WPF_MiniProjectHomework.csproj", "{2C51A896-0930-4BCE-9609-C4A5B1EFB0C7}"
EndProject
Project("{9A19103F-16F7-4668-BE54-9A1E7A4F7556}") = "T33_02_02_WPF_MiniProjectSolution", "T33_02_02_WPF_MiniProjectSolution\T33_02_02_WPF_MiniProjectSolution.csproj", "{DF752CA4-3172-42CB-98C7-2F29C32CD59B}"
EndProject
Project("{9A19103F-16F7-4668-BE54-9A1E7A4F7556}") = "T34_01_01_RazorPages_MessageWall", "T34_01_01_RazorPages_MessageWall\T34_01_01_RazorPages_MessageWall.csproj", "{B4BCF34F-26F6-4CEA-9374-87A2EF23359B}"
EndProject
Project("{9A19103F-16F7-4668-BE54-9A1E7A4F7556}") = "T34_01_02_RazorPages_Homework", "T34_01_02_RazorPages_Homework\T34_01_02_RazorPages_Homework.csproj", "{EA37922A-E484-46D5-9058-BB0E2FF5244A}"
EndProject
Project("{FAE04EC0-301F-11D3-BF4B-00C04F79EFBC}") = "T34_02_01_RazorPages_MiniProjectHomework", "T34_02_01_RazorPages_MiniProjectHomework\T34_02_01_RazorPages_MiniProjectHomework.csproj", "{F629DA92-703F-45E8-AA38-262F562887E5}"
EndProject
Project("{FAE04EC0-301F-11D3-BF4B-00C04F79EFBC}") = "T34_02_02_RazorPages_MiniProjectSolution", "T34_02_02_RazorPages_MiniProjectSolution\T34_02_02_RazorPages_MiniProjectSolution.csproj", "{4C2D9DCC-B00A-4B7A-BDE3-27B71D6E2F6A}"
EndProject
Global
	GlobalSection(SolutionConfigurationPlatforms) = preSolution
		Debug|Any CPU = Debug|Any CPU
		Release|Any CPU = Release|Any CPU
	EndGlobalSection
	GlobalSection(ProjectConfigurationPlatforms) = postSolution
		{CBAC71BE-4427-464B-BDE5-26721EDCB14E}.Debug|Any CPU.ActiveCfg = Debug|Any CPU
		{CBAC71BE-4427-464B-BDE5-26721EDCB14E}.Debug|Any CPU.Build.0 = Debug|Any CPU
		{CBAC71BE-4427-464B-BDE5-26721EDCB14E}.Release|Any CPU.ActiveCfg = Release|Any CPU
		{CBAC71BE-4427-464B-BDE5-26721EDCB14E}.Release|Any CPU.Build.0 = Release|Any CPU
		{A00B213F-0B49-4BFB-80B5-F52C396A6818}.Debug|Any CPU.ActiveCfg = Debug|Any CPU
		{A00B213F-0B49-4BFB-80B5-F52C396A6818}.Debug|Any CPU.Build.0 = Debug|Any CPU
		{A00B213F-0B49-4BFB-80B5-F52C396A6818}.Release|Any CPU.ActiveCfg = Release|Any CPU
		{A00B213F-0B49-4BFB-80B5-F52C396A6818}.Release|Any CPU.Build.0 = Release|Any CPU
		{52E85F11-B825-44ED-B6D3-03604A9631CE}.Debug|Any CPU.ActiveCfg = Debug|Any CPU
		{52E85F11-B825-44ED-B6D3-03604A9631CE}.Debug|Any CPU.Build.0 = Debug|Any CPU
		{52E85F11-B825-44ED-B6D3-03604A9631CE}.Release|Any CPU.ActiveCfg = Release|Any CPU
		{52E85F11-B825-44ED-B6D3-03604A9631CE}.Release|Any CPU.Build.0 = Release|Any CPU
		{540F17FE-FB95-443E-B1C4-DD1AF3A4F9C7}.Debug|Any CPU.ActiveCfg = Debug|Any CPU
		{540F17FE-FB95-443E-B1C4-DD1AF3A4F9C7}.Debug|Any CPU.Build.0 = Debug|Any CPU
		{540F17FE-FB95-443E-B1C4-DD1AF3A4F9C7}.Release|Any CPU.ActiveCfg = Release|Any CPU
		{540F17FE-FB95-443E-B1C4-DD1AF3A4F9C7}.Release|Any CPU.Build.0 = Release|Any CPU
		{FFD2A922-8B9C-4021-BE7B-4AC23A981F79}.Debug|Any CPU.ActiveCfg = Debug|Any CPU
		{FFD2A922-8B9C-4021-BE7B-4AC23A981F79}.Debug|Any CPU.Build.0 = Debug|Any CPU
		{FFD2A922-8B9C-4021-BE7B-4AC23A981F79}.Release|Any CPU.ActiveCfg = Release|Any CPU
		{FFD2A922-8B9C-4021-BE7B-4AC23A981F79}.Release|Any CPU.Build.0 = Release|Any CPU
		{9979161D-1DFD-459C-9A3F-98403DBE7D9D}.Debug|Any CPU.ActiveCfg = Debug|Any CPU
		{9979161D-1DFD-459C-9A3F-98403DBE7D9D}.Debug|Any CPU.Build.0 = Debug|Any CPU
		{9979161D-1DFD-459C-9A3F-98403DBE7D9D}.Release|Any CPU.ActiveCfg = Release|Any CPU
		{9979161D-1DFD-459C-9A3F-98403DBE7D9D}.Release|Any CPU.Build.0 = Release|Any CPU
		{EAAC3D07-E7BD-43A8-A643-0707A0E5B559}.Debug|Any CPU.ActiveCfg = Debug|Any CPU
		{EAAC3D07-E7BD-43A8-A643-0707A0E5B559}.Debug|Any CPU.Build.0 = Debug|Any CPU
		{EAAC3D07-E7BD-43A8-A643-0707A0E5B559}.Release|Any CPU.ActiveCfg = Release|Any CPU
		{EAAC3D07-E7BD-43A8-A643-0707A0E5B559}.Release|Any CPU.Build.0 = Release|Any CPU
		{5F1867C1-C8D5-488A-BA9C-7122005881EE}.Debug|Any CPU.ActiveCfg = Debug|Any CPU
		{5F1867C1-C8D5-488A-BA9C-7122005881EE}.Debug|Any CPU.Build.0 = Debug|Any CPU
		{5F1867C1-C8D5-488A-BA9C-7122005881EE}.Release|Any CPU.ActiveCfg = Release|Any CPU
		{5F1867C1-C8D5-488A-BA9C-7122005881EE}.Release|Any CPU.Build.0 = Release|Any CPU
		{DA8010BE-58C9-4F0A-86B1-CEDE36E5A56B}.Debug|Any CPU.ActiveCfg = Debug|Any CPU
		{DA8010BE-58C9-4F0A-86B1-CEDE36E5A56B}.Debug|Any CPU.Build.0 = Debug|Any CPU
		{DA8010BE-58C9-4F0A-86B1-CEDE36E5A56B}.Release|Any CPU.ActiveCfg = Release|Any CPU
		{DA8010BE-58C9-4F0A-86B1-CEDE36E5A56B}.Release|Any CPU.Build.0 = Release|Any CPU
		{32B44403-70BE-49DA-976E-E12D04CA1601}.Debug|Any CPU.ActiveCfg = Debug|Any CPU
		{32B44403-70BE-49DA-976E-E12D04CA1601}.Debug|Any CPU.Build.0 = Debug|Any CPU
		{32B44403-70BE-49DA-976E-E12D04CA1601}.Release|Any CPU.ActiveCfg = Release|Any CPU
		{32B44403-70BE-49DA-976E-E12D04CA1601}.Release|Any CPU.Build.0 = Release|Any CPU
		{9DF63102-51A6-4C56-98DA-107885BCE2E5}.Debug|Any CPU.ActiveCfg = Debug|Any CPU
		{9DF63102-51A6-4C56-98DA-107885BCE2E5}.Debug|Any CPU.Build.0 = Debug|Any CPU
		{9DF63102-51A6-4C56-98DA-107885BCE2E5}.Release|Any CPU.ActiveCfg = Release|Any CPU
		{9DF63102-51A6-4C56-98DA-107885BCE2E5}.Release|Any CPU.Build.0 = Release|Any CPU
		{6407A096-03DE-43B0-8524-33AD6A71AB1D}.Debug|Any CPU.ActiveCfg = Debug|Any CPU
		{6407A096-03DE-43B0-8524-33AD6A71AB1D}.Debug|Any CPU.Build.0 = Debug|Any CPU
		{6407A096-03DE-43B0-8524-33AD6A71AB1D}.Release|Any CPU.ActiveCfg = Release|Any CPU
		{6407A096-03DE-43B0-8524-33AD6A71AB1D}.Release|Any CPU.Build.0 = Release|Any CPU
		{8239DB07-AB51-478F-8389-481CEE2C40EE}.Debug|Any CPU.ActiveCfg = Debug|Any CPU
		{8239DB07-AB51-478F-8389-481CEE2C40EE}.Debug|Any CPU.Build.0 = Debug|Any CPU
		{8239DB07-AB51-478F-8389-481CEE2C40EE}.Release|Any CPU.ActiveCfg = Release|Any CPU
		{8239DB07-AB51-478F-8389-481CEE2C40EE}.Release|Any CPU.Build.0 = Release|Any CPU
		{454ED00D-9102-4B10-B9C5-E7F38B603944}.Debug|Any CPU.ActiveCfg = Debug|Any CPU
		{454ED00D-9102-4B10-B9C5-E7F38B603944}.Debug|Any CPU.Build.0 = Debug|Any CPU
		{454ED00D-9102-4B10-B9C5-E7F38B603944}.Release|Any CPU.ActiveCfg = Release|Any CPU
		{454ED00D-9102-4B10-B9C5-E7F38B603944}.Release|Any CPU.Build.0 = Release|Any CPU
		{FEF7925D-D6B9-4922-8BD3-B810C6227194}.Debug|Any CPU.ActiveCfg = Debug|Any CPU
		{FEF7925D-D6B9-4922-8BD3-B810C6227194}.Debug|Any CPU.Build.0 = Debug|Any CPU
		{FEF7925D-D6B9-4922-8BD3-B810C6227194}.Release|Any CPU.ActiveCfg = Release|Any CPU
		{FEF7925D-D6B9-4922-8BD3-B810C6227194}.Release|Any CPU.Build.0 = Release|Any CPU
		{E2742686-88FD-4769-B83F-34F433ABE18D}.Debug|Any CPU.ActiveCfg = Debug|Any CPU
		{E2742686-88FD-4769-B83F-34F433ABE18D}.Debug|Any CPU.Build.0 = Debug|Any CPU
		{E2742686-88FD-4769-B83F-34F433ABE18D}.Release|Any CPU.ActiveCfg = Release|Any CPU
		{E2742686-88FD-4769-B83F-34F433ABE18D}.Release|Any CPU.Build.0 = Release|Any CPU
		{CF935A41-A381-4E0B-9837-F467731E44C4}.Debug|Any CPU.ActiveCfg = Debug|Any CPU
		{CF935A41-A381-4E0B-9837-F467731E44C4}.Debug|Any CPU.Build.0 = Debug|Any CPU
		{CF935A41-A381-4E0B-9837-F467731E44C4}.Release|Any CPU.ActiveCfg = Release|Any CPU
		{CF935A41-A381-4E0B-9837-F467731E44C4}.Release|Any CPU.Build.0 = Release|Any CPU
		{E125287E-7E13-44F9-9C27-1D1E3406B54A}.Debug|Any CPU.ActiveCfg = Debug|Any CPU
		{E125287E-7E13-44F9-9C27-1D1E3406B54A}.Debug|Any CPU.Build.0 = Debug|Any CPU
		{E125287E-7E13-44F9-9C27-1D1E3406B54A}.Release|Any CPU.ActiveCfg = Release|Any CPU
		{E125287E-7E13-44F9-9C27-1D1E3406B54A}.Release|Any CPU.Build.0 = Release|Any CPU
		{4234C385-5FA5-4DEB-AC10-B71BA467F07D}.Debug|Any CPU.ActiveCfg = Debug|Any CPU
		{4234C385-5FA5-4DEB-AC10-B71BA467F07D}.Debug|Any CPU.Build.0 = Debug|Any CPU
		{4234C385-5FA5-4DEB-AC10-B71BA467F07D}.Release|Any CPU.ActiveCfg = Release|Any CPU
		{4234C385-5FA5-4DEB-AC10-B71BA467F07D}.Release|Any CPU.Build.0 = Release|Any CPU
		{F60DDF1D-5734-43AB-99A5-ECF7D67C810F}.Debug|Any CPU.ActiveCfg = Debug|Any CPU
		{F60DDF1D-5734-43AB-99A5-ECF7D67C810F}.Debug|Any CPU.Build.0 = Debug|Any CPU
		{F60DDF1D-5734-43AB-99A5-ECF7D67C810F}.Release|Any CPU.ActiveCfg = Release|Any CPU
		{F60DDF1D-5734-43AB-99A5-ECF7D67C810F}.Release|Any CPU.Build.0 = Release|Any CPU
		{B4DD075D-74C4-4CC1-B9E7-2AFF82FB8B97}.Debug|Any CPU.ActiveCfg = Debug|Any CPU
		{B4DD075D-74C4-4CC1-B9E7-2AFF82FB8B97}.Debug|Any CPU.Build.0 = Debug|Any CPU
		{B4DD075D-74C4-4CC1-B9E7-2AFF82FB8B97}.Release|Any CPU.ActiveCfg = Release|Any CPU
		{B4DD075D-74C4-4CC1-B9E7-2AFF82FB8B97}.Release|Any CPU.Build.0 = Release|Any CPU
		{B1FAA02F-CB67-439E-B6FC-64F9748AA798}.Debug|Any CPU.ActiveCfg = Debug|Any CPU
		{B1FAA02F-CB67-439E-B6FC-64F9748AA798}.Debug|Any CPU.Build.0 = Debug|Any CPU
		{B1FAA02F-CB67-439E-B6FC-64F9748AA798}.Release|Any CPU.ActiveCfg = Release|Any CPU
		{B1FAA02F-CB67-439E-B6FC-64F9748AA798}.Release|Any CPU.Build.0 = Release|Any CPU
		{2C51A896-0930-4BCE-9609-C4A5B1EFB0C7}.Debug|Any CPU.ActiveCfg = Debug|Any CPU
		{2C51A896-0930-4BCE-9609-C4A5B1EFB0C7}.Debug|Any CPU.Build.0 = Debug|Any CPU
		{2C51A896-0930-4BCE-9609-C4A5B1EFB0C7}.Release|Any CPU.ActiveCfg = Release|Any CPU
		{2C51A896-0930-4BCE-9609-C4A5B1EFB0C7}.Release|Any CPU.Build.0 = Release|Any CPU
		{DF752CA4-3172-42CB-98C7-2F29C32CD59B}.Debug|Any CPU.ActiveCfg = Debug|Any CPU
		{DF752CA4-3172-42CB-98C7-2F29C32CD59B}.Debug|Any CPU.Build.0 = Debug|Any CPU
		{DF752CA4-3172-42CB-98C7-2F29C32CD59B}.Release|Any CPU.ActiveCfg = Release|Any CPU
		{DF752CA4-3172-42CB-98C7-2F29C32CD59B}.Release|Any CPU.Build.0 = Release|Any CPU
		{B4BCF34F-26F6-4CEA-9374-87A2EF23359B}.Debug|Any CPU.ActiveCfg = Debug|Any CPU
		{B4BCF34F-26F6-4CEA-9374-87A2EF23359B}.Debug|Any CPU.Build.0 = Debug|Any CPU
		{B4BCF34F-26F6-4CEA-9374-87A2EF23359B}.Release|Any CPU.ActiveCfg = Release|Any CPU
		{B4BCF34F-26F6-4CEA-9374-87A2EF23359B}.Release|Any CPU.Build.0 = Release|Any CPU
		{EA37922A-E484-46D5-9058-BB0E2FF5244A}.Debug|Any CPU.ActiveCfg = Debug|Any CPU
		{EA37922A-E484-46D5-9058-BB0E2FF5244A}.Debug|Any CPU.Build.0 = Debug|Any CPU
		{EA37922A-E484-46D5-9058-BB0E2FF5244A}.Release|Any CPU.ActiveCfg = Release|Any CPU
		{EA37922A-E484-46D5-9058-BB0E2FF5244A}.Release|Any CPU.Build.0 = Release|Any CPU
		{F629DA92-703F-45E8-AA38-262F562887E5}.Debug|Any CPU.ActiveCfg = Debug|Any CPU
		{F629DA92-703F-45E8-AA38-262F562887E5}.Debug|Any CPU.Build.0 = Debug|Any CPU
		{F629DA92-703F-45E8-AA38-262F562887E5}.Release|Any CPU.ActiveCfg = Release|Any CPU
		{F629DA92-703F-45E8-AA38-262F562887E5}.Release|Any CPU.Build.0 = Release|Any CPU
		{4C2D9DCC-B00A-4B7A-BDE3-27B71D6E2F6A}.Debug|Any CPU.ActiveCfg = Debug|Any CPU
		{4C2D9DCC-B00A-4B7A-BDE3-27B71D6E2F6A}.Debug|Any CPU.Build.0 = Debug|Any CPU
		{4C2D9DCC-B00A-4B7A-BDE3-27B71D6E2F6A}.Release|Any CPU.ActiveCfg = Release|Any CPU
		{4C2D9DCC-B00A-4B7A-BDE3-27B71D6E2F6A}.Release|Any CPU.Build.0 = Release|Any CPU
	EndGlobalSection
	GlobalSection(SolutionProperties) = preSolution
		HideSolutionNode = FALSE
	EndGlobalSection
	GlobalSection(ExtensibilityGlobals) = postSolution
		SolutionGuid = {5D44104B-E2A4-48C2-B5A3-F025ACE879C8}
	EndGlobalSection
EndGlobal
